
Microsoft Visual Studio Solution File, Format Version 12.00
# Visual Studio Version 17
VisualStudioVersion = 17.10.35027.167
MinimumVisualStudioVersion = 10.0.40219.1
Project("{FAE04EC0-301F-11D3-BF4B-00C04F79EFBC}") = "FleetManager.Server", "FleetManager.Server\FleetManager.Server.csproj", "{8A9A5B66-4F31-452D-9629-669CB852B9CD}"
EndProject
Project("{54A90642-561A-4BB1-A94E-469ADEE60C69}") = "fleetmanager.client", "fleetmanager.client\fleetmanager.client.esproj", "{FFF018C7-A4E2-48A6-9F27-3CF6DE1C3BD0}"
EndProject
Project("{FAE04EC0-301F-11D3-BF4B-00C04F79EFBC}") = "Shared", "Shared\Shared.csproj", "{360F3EE6-5E59-492D-B5FF-2E05CAD15D8C}"
EndProject
Global
	GlobalSection(SolutionConfigurationPlatforms) = preSolution
		Debug|Any CPU = Debug|Any CPU
		Release|Any CPU = Release|Any CPU
	EndGlobalSection
	GlobalSection(ProjectConfigurationPlatforms) = postSolution
		{8A9A5B66-4F31-452D-9629-669CB852B9CD}.Debug|Any CPU.ActiveCfg = Debug|Any CPU
		{8A9A5B66-4F31-452D-9629-669CB852B9CD}.Debug|Any CPU.Build.0 = Debug|Any CPU
		{8A9A5B66-4F31-452D-9629-669CB852B9CD}.Release|Any CPU.ActiveCfg = Release|Any CPU
		{8A9A5B66-4F31-452D-9629-669CB852B9CD}.Release|Any CPU.Build.0 = Release|Any CPU
		{FFF018C7-A4E2-48A6-9F27-3CF6DE1C3BD0}.Debug|Any CPU.ActiveCfg = Debug|Any CPU
		{FFF018C7-A4E2-48A6-9F27-3CF6DE1C3BD0}.Debug|Any CPU.Build.0 = Debug|Any CPU
		{FFF018C7-A4E2-48A6-9F27-3CF6DE1C3BD0}.Debug|Any CPU.Deploy.0 = Debug|Any CPU
		{FFF018C7-A4E2-48A6-9F27-3CF6DE1C3BD0}.Release|Any CPU.ActiveCfg = Release|Any CPU
		{FFF018C7-A4E2-48A6-9F27-3CF6DE1C3BD0}.Release|Any CPU.Build.0 = Release|Any CPU
		{FFF018C7-A4E2-48A6-9F27-3CF6DE1C3BD0}.Release|Any CPU.Deploy.0 = Release|Any CPU
		{360F3EE6-5E59-492D-B5FF-2E05CAD15D8C}.Debug|Any CPU.ActiveCfg = Debug|Any CPU
		{360F3EE6-5E59-492D-B5FF-2E05CAD15D8C}.Debug|Any CPU.Build.0 = Debug|Any CPU
		{360F3EE6-5E59-492D-B5FF-2E05CAD15D8C}.Release|Any CPU.ActiveCfg = Release|Any CPU
		{360F3EE6-5E59-492D-B5FF-2E05CAD15D8C}.Release|Any CPU.Build.0 = Release|Any CPU
	EndGlobalSection
	GlobalSection(SolutionProperties) = preSolution
		HideSolutionNode = FALSE
	EndGlobalSection
	GlobalSection(ExtensibilityGlobals) = postSolution
		SolutionGuid = {AD9E045E-E01D-4238-85E5-FEE4244D728B}
	EndGlobalSection
EndGlobal
